# THIS IS AN AUTOGENERATED FILE. DO NOT EDIT THIS FILE DIRECTLY.
# yarn lockfile v1


"@tanstack/query-core@4.41.0":
  version "4.41.0"
  resolved "https://registry.yarnpkg.com/@tanstack/query-core/-/query-core-4.41.0.tgz#8e559e53b663e4dc99ee55f256acdf38249d8cd9"
  integrity sha512-193R4Jp9hjvlij6LryxrB5Mpbffd2L9PeWh3KlIy/hJV4SkBOfiQZ+jc5qAZLDCrdbkA5FjGj+UoDYw6TcNnyA==

"@tanstack/react-query@4":
  version "4.42.0"
  resolved "https://registry.yarnpkg.com/@tanstack/react-query/-/react-query-4.42.0.tgz#a4d2527713e841c71a4a4b3f9412bb98ea5eec59"
  integrity sha512-j0tiofkzE3CSrYKmVRaKuwGgvCE+P2OOEDlhmfjeZf5ufcuFHwYwwgw3j08n4WYPVZ+OpsHblcFYezhKA3jDwg==
  dependencies:
    "@tanstack/query-core" "4.41.0"
    use-sync-external-store "^1.2.0"

react-hook-form@^7.69.0:
  version "7.69.0"
  resolved "https://registry.yarnpkg.com/react-hook-form/-/react-hook-form-7.69.0.tgz#40f5e5ba2a436c2eee12b75ab30da5bb743744e7"
  integrity sha512-yt6ZGME9f4F6WHwevrvpAjh42HMvocuSnSIHUGycBqXIJdhqGSPQzTpGF+1NLREk/58IdPxEMfPcFCjlMhclGw==

use-sync-external-store@^1.2.0:
  version "1.6.0"
  resolved "https://registry.yarnpkg.com/use-sync-external-store/-/use-sync-external-store-1.6.0.tgz#b174bfa65cb2b526732d9f2ac0a408027876f32d"
  integrity sha512-Pp6GSwGP/NrPIrxVFAIkOQeyw8lFenOHijQWkUTrDvrF4ALqylP2C/KCkeS9dpUM3KvYRQhna5vt7IL95+ZQ9w==
